// !$*UTF8*$!
{
	archiveVersion = 1;
	classes = {
	};
	objectVersion = 46;
	objects = {

/* Begin PBXBuildFile section */
		A96DBB661B64B8E10006807A /* main.m in Sources */ = {isa = PBXBuildFile; fileRef = A96DBB651B64B8E10006807A /* main.m */; };
		A96DBB691B64B8E10006807A /* AppDelegate.m in Sources */ = {isa = PBXBuildFile; fileRef = A96DBB681B64B8E10006807A /* AppDelegate.m */; };
		A96DBB6C1B64B8E10006807A /* iOS01.xcdatamodeld in Sources */ = {isa = PBXBuildFile; fileRef = A96DBB6A1B64B8E10006807A /* iOS01.xcdatamodeld */; };
		A96DBB6F1B64B8E10006807A /* ViewController.m in Sources */ = {isa = PBXBuildFile; fileRef = A96DBB6E1B64B8E10006807A /* ViewController.m */; };
		A96DBB721B64B8E10006807A /* Main.storyboard in Resources */ = {isa = PBXBuildFile; fileRef = A96DBB701B64B8E10006807A /* Main.storyboard */; };
		A96DBB741B64B8E10006807A /* Images.xcassets in Resources */ = {isa = PBXBuildFile; fileRef = A96DBB731B64B8E10006807A /* Images.xcassets */; };
		A96DBB771B64B8E10006807A /* LaunchScreen.xib in Resources */ = {isa = PBXBuildFile; fileRef = A96DBB751B64B8E10006807A /* LaunchScreen.xib */; };
		A96DBB831B64B8E10006807A /* iOS01Tests.m in Sources */ = {isa = PBXBuildFile; fileRef = A96DBB821B64B8E10006807A /* iOS01Tests.m */; };
/* End PBXBuildFile section */

/* Begin PBXContainerItemProxy section */
		A96DBB7D1B64B8E10006807A /* PBXContainerItemProxy */ = {
			isa = PBXContainerItemProxy;
			containerPortal = A96DBB581B64B8E10006807A /* Project object */;
			proxyType = 1;
			remoteGlobalIDString = A96DBB5F1B64B8E10006807A;
			remoteInfo = iOS01;
		};
/* End PBXContainerItemProxy section */

/* Begin PBXFileReference section */
		A96DBB601B64B8E10006807A /* iOS01.app */ = {isa = PBXFileReference; explicitFileType = wrapper.application; includeInIndex = 0; path = iOS01.app; sourceTree = BUILT_PRODUCTS_DIR; };
		A96DBB641B64B8E10006807A /* Info.plist */ = {isa = PBXFileReference; lastKnownFileType = text.plist.xml; path = Info.plist; sourceTree = "<group>"; };
		A96DBB651B64B8E10006807A /* main.m */ = {isa = PBXFileReference; lastKnownFileType = sourcecode.c.objc; path = main.m; sourceTree = "<group>"; };
		A96DBB671B64B8E10006807A /* AppDelegate.h */ = {isa = PBXFileReference; lastKnownFileType = sourcecode.c.h; path = AppDelegate.h; sourceTree = "<group>"; };
		A96DBB681B64B8E10006807A /* AppDelegate.m */ = {isa = PBXFileReference; lastKnownFileType = sourcecode.c.objc; path = AppDelegate.m; sourceTree = "<group>"; };
		A96DBB6B1B64B8E10006807A /* iOS01.xcdatamodel */ = {isa = PBXFileReference; lastKnownFileType = wrapper.xcdatamodel; path = iOS01.xcdatamodel; sourceTree = "<group>"; };
		A96DBB6D1B64B8E10006807A /* ViewController.h */ = {isa = PBXFileReference; lastKnownFileType = sourcecode.c.h; path = ViewController.h; sourceTree = "<group>"; };
		A96DBB6E1B64B8E10006807A /* ViewController.m */ = {isa = PBXFileReference; lastKnownFileType = sourcecode.c.objc; path = ViewController.m; sourceTree = "<group>"; };
		A96DBB711B64B8E10006807A /* Base */ = {isa = PBXFileReference; lastKnownFileType = file.storyboard; name = Base; path = Base.lproj/Main.storyboard; sourceTree = "<group>"; };
		A96DBB731B64B8E10006807A /* Images.xcassets */ = {isa = PBXFileReference; lastKnownFileType = folder.assetcatalog; path = Images.xcassets; sourceTree = "<group>"; };
		A96DBB761B64B8E10006807A /* Base */ = {isa = PBXFileReference; lastKnownFileType = file.xib; name = Base; path = Base.lproj/LaunchScreen.xib; sourceTree = "<group>"; };
		A96DBB7C1B64B8E10006807A /* iOS01Tests.xctest */ = {isa = PBXFileReference; explicitFileType = wrapper.cfbundle; includeInIndex = 0; path = iOS01Tests.xctest; sourceTree = BUILT_PRODUCTS_DIR; };
		A96DBB811B64B8E10006807A /* Info.plist */ = {isa = PBXFileReference; lastKnownFileType = text.plist.xml; path = Info.plist; sourceTree = "<group>"; };
		A96DBB821B64B8E10006807A /* iOS01Tests.m */ = {isa = PBXFileReference; lastKnownFileType = sourcecode.c.objc; path = iOS01Tests.m; sourceTree = "<group>"; };
/* End PBXFileReference section */

/* Begin PBXFrameworksBuildPhase section */
		A96DBB5D1B64B8E10006807A /* Frameworks */ = {
			isa = PBXFrameworksBuildPhase;
			buildActionMask = 2147483647;
			files = (
			);
			runOnlyForDeploymentPostprocessing = 0;
		};
		A96DBB791B64B8E10006807A /* Frameworks */ = {
			isa = PBXFrameworksBuildPhase;
			buildActionMask = 2147483647;
			files = (
			);
			runOnlyForDeploymentPostprocessing = 0;
		};
/* End PBXFrameworksBuildPhase section */

/* Begin PBXGroup section */
		A96DBB571B64B8E10006807A = {
			isa = PBXGroup;
			children = (
				A96DBB621B64B8E10006807A /* iOS01 */,
				A96DBB7F1B64B8E10006807A /* iOS01Tests */,
				A96DBB611B64B8E10006807A /* Products */,
			);
			sourceTree = "<group>";
		};
		A96DBB611B64B8E10006807A /* Products */ = {
			isa = PBXGroup;
			children = (
				A96DBB601B64B8E10006807A /* iOS01.app */,
				A96DBB7C1B64B8E10006807A /* iOS01Tests.xctest */,
			);
			name = Products;
			sourceTree = "<group>";
		};
		A96DBB621B64B8E10006807A /* iOS01 */ = {
			isa = PBXGroup;
			children = (
				A96DBB671B64B8E10006807A /* AppDelegate.h */,
				A96DBB681B64B8E10006807A /* AppDelegate.m */,
				A96DBB6D1B64B8E10006807A /* ViewController.h */,
				A96DBB6E1B64B8E10006807A /* ViewController.m */,
				A96DBB701B64B8E10006807A /* Main.storyboard */,
				A96DBB731B64B8E10006807A /* Images.xcassets */,
				A96DBB751B64B8E10006807A /* LaunchScreen.xib */,
				A96DBB6A1B64B8E10006807A /* iOS01.xcdatamodeld */,
				A96DBB631B64B8E10006807A /* Supporting Files */,
			);
			path = iOS01;
			sourceTree = "<group>";
		};
		A96DBB631B64B8E10006807A /* Supporting Files */ = {
			isa = PBXGroup;
			children = (
				A96DBB641B64B8E10006807A /* Info.plist */,
				A96DBB651B64B8E10006807A /* main.m */,
			);
			name = "Supporting Files";
			sourceTree = "<group>";
		};
		A96DBB7F1B64B8E10006807A /* iOS01Tests */ = {
			isa = PBXGroup;
			children = (
				A96DBB821B64B8E10006807A /* iOS01Tests.m */,
				A96DBB801B64B8E10006807A /* Supporting Files */,
			);
			path = iOS01Tests;
			sourceTree = "<group>";
		};
		A96DBB801B64B8E10006807A /* Supporting Files */ = {
			isa = PBXGroup;
			children = (
				A96DBB811B64B8E10006807A /* Info.plist */,
			);
			name = "Supporting Files";
			sourceTree = "<group>";
		};
/* End PBXGroup section */

/* Begin PBXNativeTarget section */
		A96DBB5F1B64B8E10006807A /* iOS01 */ = {
			isa = PBXNativeTarget;
			buildConfigurationList = A96DBB861B64B8E10006807A /* Build configuration list for PBXNativeTarget "iOS01" */;
			buildPhases = (
				A96DBB5C1B64B8E10006807A /* Sources */,
				A96DBB5D1B64B8E10006807A /* Frameworks */,
				A96DBB5E1B64B8E10006807A /* Resources */,
			);
			buildRules = (
			);
			dependencies = (
			);
			name = iOS01;
			productName = iOS01;
			productReference = A96DBB601B64B8E10006807A /* iOS01.app */;
			productType = "com.apple.product-type.application";
		};
		A96DBB7B1B64B8E10006807A /* iOS01Tests */ = {
			isa = PBXNativeTarget;
			buildConfigurationList = A96DBB891B64B8E10006807A /* Build configuration list for PBXNativeTarget "iOS01Tests" */;
			buildPhases = (
				A96DBB781B64B8E10006807A /* Sources */,
				A96DBB791B64B8E10006807A /* Frameworks */,
				A96DBB7A1B64B8E10006807A /* Resources */,
			);
			buildRules = (
			);
			dependencies = (
				A96DBB7E1B64B8E10006807A /* PBXTargetDependency */,
			);
			name = iOS01Tests;
			productName = iOS01Tests;
			productReference = A96DBB7C1B64B8E10006807A /* iOS01Tests.xctest */;
			productType = "com.apple.product-type.bundle.unit-test";
		};
/* End PBXNativeTarget section */

/* Begin PBXProject section */
		A96DBB581B64B8E10006807A /* Project object */ = {
			isa = PBXProject;
			attributes = {
				LastUpgradeCheck = 0640;
				ORGANIZATIONNAME = "冯立勇";
				TargetAttributes = {
					A96DBB5F1B64B8E10006807A = {
						CreatedOnToolsVersion = 6.4;
					};
					A96DBB7B1B64B8E10006807A = {
						CreatedOnToolsVersion = 6.4;
						TestTargetID = A96DBB5F1B64B8E10006807A;
					};
				};
			};
			buildConfigurationList = A96DBB5B1B64B8E10006807A /* Build configuration list for PBXProject "iOS01" */;
			compatibilityVersion = "Xcode 3.2";
			developmentRegion = English;
			hasScannedForEncodings = 0;
			knownRegions = (
				en,
				Base,
			);
			mainGroup = A96DBB571B64B8E10006807A;
			productRefGroup = A96DBB611B64B8E10006807A /* Products */;
			projectDirPath = "";
			projectRoot = "";
			targets = (
				A96DBB5F1B64B8E10006807A /* iOS01 */,
				A96DBB7B1B64B8E10006807A /* iOS01Tests */,
			);
		};
/* End PBXProject section */

/* Begin PBXResourcesBuildPhase section */
		A96DBB5E1B64B8E10006807A /* Resources */ = {
			isa = PBXResourcesBuildPhase;
			buildActionMask = 2147483647;
			files = (
				A96DBB721B64B8E10006807A /* Main.storyboard in Resources */,
				A96DBB771B64B8E10006807A /* LaunchScreen.xib in Resources */,
				A96DBB741B64B8E10006807A /* Images.xcassets in Resources */,
			);
			runOnlyForDeploymentPostprocessing = 0;
		};
		A96DBB7A1B64B8E10006807A /* Resources */ = {
			isa = PBXResourcesBuildPhase;
			buildActionMask = 2147483647;
			files = (
			);
			runOnlyForDeploymentPostprocessing = 0;
		};
/* End PBXResourcesBuildPhase section */

/* Begin PBXSourcesBuildPhase section */
		A96DBB5C1B64B8E10006807A /* Sources */ = {
			isa = PBXSourcesBuildPhase;
			buildActionMask = 2147483647;
			files = (
				A96DBB691B64B8E10006807A /* AppDelegate.m in Sources */,
				A96DBB6C1B64B8E10006807A /* iOS01.xcdatamodeld in Sources */,
				A96DBB6F1B64B8E10006807A /* ViewController.m in Sources */,
				A96DBB661B64B8E10006807A /* main.m in Sources */,
			);
			runOnlyForDeploymentPostprocessing = 0;
		};
		A96DBB781B64B8E10006807A /* Sources */ = {
			isa = PBXSourcesBuildPhase;
			buildActionMask = 2147483647;
			files = (
				A96DBB831B64B8E10006807A /* iOS01Tests.m in Sources */,
			);
			runOnlyForDeploymentPostprocessing = 0;
		};
/* End PBXSourcesBuildPhase section */

/* Begin PBXTargetDependency section */
		A96DBB7E1B64B8E10006807A /* PBXTargetDependency */ = {
			isa = PBXTargetDependency;
			target = A96DBB5F1B64B8E10006807A /* iOS01 */;
			targetProxy = A96DBB7D1B64B8E10006807A /* PBXContainerItemProxy */;
		};
/* End PBXTargetDependency section */

/* Begin PBXVariantGroup section */
		A96DBB701B64B8E10006807A /* Main.storyboard */ = {
			isa = PBXVariantGroup;
			children = (
				A96DBB711B64B8E10006807A /* Base */,
			);
			name = Main.storyboard;
			sourceTree = "<group>";
		};
		A96DBB751B64B8E10006807A /* LaunchScreen.xib */ = {
			isa = PBXVariantGroup;
			children = (
				A96DBB761B64B8E10006807A /* Base */,
			);
			name = LaunchScreen.xib;
			sourceTree = "<group>";
		};
/* End PBXVariantGroup section */

/* Begin XCBuildConfiguration section */
		A96DBB841B64B8E10006807A /* Debug */ = {
			isa = XCBuildConfiguration;
			buildSettings = {
				ALWAYS_SEARCH_USER_PATHS = NO;
				CLANG_CXX_LANGUAGE_STANDARD = "gnu++0x";
				CLANG_CXX_LIBRARY = "libc++";
				CLANG_ENABLE_MODULES = YES;
				CLANG_ENABLE_OBJC_ARC = YES;
				CLANG_WARN_BOOL_CONVERSION = YES;
				CLANG_WARN_CONSTANT_CONVERSION = YES;
				CLANG_WARN_DIRECT_OBJC_ISA_USAGE = YES_ERROR;
				CLANG_WARN_EMPTY_BODY = YES;
				CLANG_WARN_ENUM_CONVERSION = YES;
				CLANG_WARN_INT_CONVERSION = YES;
				CLANG_WARN_OBJC_ROOT_CLASS = YES_ERROR;
				CLANG_WARN_UNREACHABLE_CODE = YES;
				CLANG_WARN__DUPLICATE_METHOD_MATCH = YES;
				"CODE_SIGN_IDENTITY[sdk=iphoneos*]" = "iPhone Developer";
				COPY_PHASE_STRIP = NO;
				DEBUG_INFORMATION_FORMAT = "dwarf-with-dsym";
				ENABLE_STRICT_OBJC_MSGSEND = YES;
				GCC_C_LANGUAGE_STANDARD = gnu99;
				GCC_DYNAMIC_NO_PIC = NO;
				GCC_NO_COMMON_BLOCKS = YES;
				GCC_OPTIMIZATION_LEVEL = 0;
				GCC_PREPROCESSOR_DEFINITIONS = (
					"DEBUG=1",
					"$(inherited)",
				);
				GCC_SYMBOLS_PRIVATE_EXTERN = NO;
				GCC_WARN_64_TO_32_BIT_CONVERSION = YES;
				GCC_WARN_ABOUT_RETURN_TYPE = YES_ERROR;
				GCC_WARN_UNDECLARED_SELECTOR = YES;
				GCC_WARN_UNINITIALIZED_AUTOS = YES_AGGRESSIVE;
				GCC_WARN_UNUSED_FUNCTION = YES;
				GCC_WARN_UNUSED_VARIABLE = YES;
				IPHONEOS_DEPLOYMENT_TARGET = 8.4;
				MTL_ENABLE_DEBUG_INFO = YES;
				ONLY_ACTIVE_ARCH = YES;
				SDKROOT = iphoneos;
			};
			name = Debug;
		};
		A96DBB851B64B8E10006807A /* Release */ = {
			isa = XCBuildConfiguration;
			buildSettings = {
				ALWAYS_SEARCH_USER_PATHS = NO;
				CLANG_CXX_LANGUAGE_STANDARD = "gnu++0x";
				CLANG_CXX_LIBRARY = "libc++";
				CLANG_ENABLE_MODULES = YES;
				CLANG_ENABLE_OBJC_ARC = YES;
				CLANG_WARN_BOOL_CONVERSION = YES;
				CLANG_WARN_CONSTANT_CONVERSION = YES;
				CLANG_WARN_DIRECT_OBJC_ISA_USAGE = YES_ERROR;
				CLANG_WARN_EMPTY_BODY = YES;
				CLANG_WARN_ENUM_CONVERSION = YES;
				CLANG_WARN_INT_CONVERSION = YES;
				CLANG_WARN_OBJC_ROOT_CLASS = YES_ERROR;
				CLANG_WARN_UNREACHABLE_CODE = YES;
				CLANG_WARN__DUPLICATE_METHOD_MATCH = YES;
				"CODE_SIGN_IDENTITY[sdk=iphoneos*]" = "iPhone Developer";
				COPY_PHASE_STRIP = NO;
				DEBUG_INFORMATION_FORMAT = "dwarf-with-dsym";
				ENABLE_NS_ASSERTIONS = NO;
				ENABLE_STRICT_OBJC_MSGSEND = YES;
				GCC_C_LANGUAGE_STANDARD = gnu99;
				GCC_NO_COMMON_BLOCKS = YES;
				GCC_WARN_64_TO_32_BIT_CONVERSION = YES;
				GCC_WARN_ABOUT_RETURN_TYPE = YES_ERROR;
				GCC_WARN_UNDECLARED_SELECTOR = YES;
				GCC_WARN_UNINITIALIZED_AUTOS = YES_AGGRESSIVE;
				GCC_WARN_UNUSED_FUNCTION = YES;
				GCC_WARN_UNUSED_VARIABLE = YES;
				IPHONEOS_DEPLOYMENT_TARGET = 8.4;
				MTL_ENABLE_DEBUG_INFO = NO;
				SDKROOT = iphoneos;
				VALIDATE_PRODUCT = YES;
			};
			name = Release;
		};
		A96DBB871B64B8E10006807A /* Debug */ = {
			isa = XCBuildConfiguration;
			buildSettings = {
				ASSETCATALOG_COMPILER_APPICON_NAME = AppIcon;
				INFOPLIST_FILE = iOS01/Info.plist;
				LD_RUNPATH_SEARCH_PATHS = "$(inherited) @executable_path/Frameworks";
				PRODUCT_NAME = "$(TARGET_NAME)";
			};
			name = Debug;
		};
		A96DBB881B64B8E10006807A /* Release */ = {
			isa = XCBuildConfiguration;
			buildSettings = {
				ASSETCATALOG_COMPILER_APPICON_NAME = AppIcon;
				INFOPLIST_FILE = iOS01/Info.plist;
				LD_RUNPATH_SEARCH_PATHS = "$(inherited) @executable_path/Frameworks";
				PRODUCT_NAME = "$(TARGET_NAME)";
			};
			name = Release;
		};
		A96DBB8A1B64B8E10006807A /* Debug */ = {
			isa = XCBuildConfiguration;
			buildSettings = {
				BUNDLE_LOADER = "$(TEST_HOST)";
				FRAMEWORK_SEARCH_PATHS = (
					"$(SDKROOT)/Developer/Library/Frameworks",
					"$(inherited)",
				);
				GCC_PREPROCESSOR_DEFINITIONS = (
					"DEBUG=1",
					"$(inherited)",
				);
				INFOPLIST_FILE = iOS01Tests/Info.plist;
				LD_RUNPATH_SEARCH_PATHS = "$(inherited) @executable_path/Frameworks @loader_path/Frameworks";
				PRODUCT_NAME = "$(TARGET_NAME)";
				TEST_HOST = "$(BUILT_PRODUCTS_DIR)/iOS01.app/iOS01";
			};
			name = Debug;
		};
		A96DBB8B1B64B8E10006807A /* Release */ = {
			isa = XCBuildConfiguration;
			buildSettings = {
				BUNDLE_LOADER = "$(TEST_HOST)";
				FRAMEWORK_SEARCH_PATHS = (
					"$(SDKROOT)/Developer/Library/Frameworks",
					"$(inherited)",
				);
				INFOPLIST_FILE = iOS01Tests/Info.plist;
				LD_RUNPATH_SEARCH_PATHS = "$(inherited) @executable_path/Frameworks @loader_path/Frameworks";
				PRODUCT_NAME = "$(TARGET_NAME)";
				TEST_HOST = "$(BUILT_PRODUCTS_DIR)/iOS01.app/iOS01";
			};
			name = Release;
		};
/* End XCBuildConfiguration section */

/* Begin XCConfigurationList section */
		A96DBB5B1B64B8E10006807A /* Build configuration list for PBXProject "iOS01" */ = {
			isa = XCConfigurationList;
			buildConfigurations = (
				A96DBB841B64B8E10006807A /* Debug */,
				A96DBB851B64B8E10006807A /* Release */,
			);
			defaultConfigurationIsVisible = 0;
			defaultConfigurationName = Release;
		};
		A96DBB861B64B8E10006807A /* Build configuration list for PBXNativeTarget "iOS01" */ = {
			isa = XCConfigurationList;
			buildConfigurations = (
				A96DBB871B64B8E10006807A /* Debug */,
				A96DBB881B64B8E10006807A /* Release */,
			);
			defaultConfigurationIsVisible = 0;
		};
		A96DBB891B64B8E10006807A /* Build configuration list for PBXNativeTarget "iOS01Tests" */ = {
			isa = XCConfigurationList;
			buildConfigurations = (
				A96DBB8A1B64B8E10006807A /* Debug */,
				A96DBB8B1B64B8E10006807A /* Release */,
			);
			defaultConfigurationIsVisible = 0;
		};
/* End XCConfigurationList section */

/* Begin XCVersionGroup section */
		A96DBB6A1B64B8E10006807A /* iOS01.xcdatamodeld */ = {
			isa = XCVersionGroup;
			children = (
				A96DBB6B1B64B8E10006807A /* iOS01.xcdatamodel */,
			);
			currentVersion = A96DBB6B1B64B8E10006807A /* iOS01.xcdatamodel */;
			path = iOS01.xcdatamodeld;
			sourceTree = "<group>";
			versionGroupType = wrapper.xcdatamodel;
		};
/* End XCVersionGroup section */
	};
	rootObject = A96DBB581B64B8E10006807A /* Project object */;
}
